
Microsoft Visual Studio Solution File, Format Version 12.00
# Visual Studio 2012
Project("{FAE04EC0-301F-11D3-BF4B-00C04F79EFBC}") = "DoesItSuck", "DoesItSuck\DoesItSuck.csproj", "{B5CDD454-5D86-43B7-A2F0-EDB82F4972FB}"
EndProject
Global
	GlobalSection(SolutionConfigurationPlatforms) = preSolution
		Debug|Any CPU = Debug|Any CPU
		Release|Any CPU = Release|Any CPU
	EndGlobalSection
	GlobalSection(ProjectConfigurationPlatforms) = postSolution
		{B5CDD454-5D86-43B7-A2F0-EDB82F4972FB}.Debug|Any CPU.ActiveCfg = Debug|Any CPU
		{B5CDD454-5D86-43B7-A2F0-EDB82F4972FB}.Debug|Any CPU.Build.0 = Debug|Any CPU
		{B5CDD454-5D86-43B7-A2F0-EDB82F4972FB}.Release|Any CPU.ActiveCfg = Release|Any CPU
		{B5CDD454-5D86-43B7-A2F0-EDB82F4972FB}.Release|Any CPU.Build.0 = Release|Any CPU
	EndGlobalSection
	GlobalSection(SolutionProperties) = preSolution
		HideSolutionNode = FALSE
	EndGlobalSection
EndGlobal
